// !$*UTF8*$!
{
	archiveVersion = 1;
	classes = {
	};
	objectVersion = 50;
	objects = {

/* Begin PBXBuildFile section */
		1F030DAA2175DF2D00113527 /* CoreDataManager.swift in Sources */ = {isa = PBXBuildFile; fileRef = 1F030DA92175DF2D00113527 /* CoreDataManager.swift */; };
		1F030DAF2175E1C800113527 /* PrimeNumbers+CoreDataClass.swift in Sources */ = {isa = PBXBuildFile; fileRef = 1F030DAB2175E1C800113527 /* PrimeNumbers+CoreDataClass.swift */; };
		1F030DB02175E1C800113527 /* PrimeNumbers+CoreDataProperties.swift in Sources */ = {isa = PBXBuildFile; fileRef = 1F030DAC2175E1C800113527 /* PrimeNumbers+CoreDataProperties.swift */; };
		1F030DB12175E1C800113527 /* Calculation+CoreDataClass.swift in Sources */ = {isa = PBXBuildFile; fileRef = 1F030DAD2175E1C800113527 /* Calculation+CoreDataClass.swift */; };
		1F030DB22175E1C800113527 /* Calculation+CoreDataProperties.swift in Sources */ = {isa = PBXBuildFile; fileRef = 1F030DAE2175E1C800113527 /* Calculation+CoreDataProperties.swift */; };
		1F030DB421760F1500113527 /* ResultTableViewController.swift in Sources */ = {isa = PBXBuildFile; fileRef = 1F030DB321760F1500113527 /* ResultTableViewController.swift */; };
		1F451CE2217505F400A2D692 /* AppDelegate.swift in Sources */ = {isa = PBXBuildFile; fileRef = 1F451CE1217505F400A2D692 /* AppDelegate.swift */; };
		1F451CE4217505F400A2D692 /* DataInputViewController.swift in Sources */ = {isa = PBXBuildFile; fileRef = 1F451CE3217505F400A2D692 /* DataInputViewController.swift */; };
		1F451CEA217505F400A2D692 /* GURTAM_TEST.xcdatamodeld in Sources */ = {isa = PBXBuildFile; fileRef = 1F451CE8217505F400A2D692 /* GURTAM_TEST.xcdatamodeld */; };
		1F451CEC217505F600A2D692 /* Assets.xcassets in Resources */ = {isa = PBXBuildFile; fileRef = 1F451CEB217505F600A2D692 /* Assets.xcassets */; };
		1F451CEF217505F600A2D692 /* LaunchScreen.storyboard in Resources */ = {isa = PBXBuildFile; fileRef = 1F451CED217505F600A2D692 /* LaunchScreen.storyboard */; };
		1F451CF721752A7C00A2D692 /* MyTimer.swift in Sources */ = {isa = PBXBuildFile; fileRef = 1F451CF621752A7C00A2D692 /* MyTimer.swift */; };
/* End PBXBuildFile section */

/* Begin PBXFileReference section */
		1F030DA92175DF2D00113527 /* CoreDataManager.swift */ = {isa = PBXFileReference; lastKnownFileType = sourcecode.swift; path = CoreDataManager.swift; sourceTree = "<group>"; };
		1F030DAB2175E1C800113527 /* PrimeNumbers+CoreDataClass.swift */ = {isa = PBXFileReference; lastKnownFileType = sourcecode.swift; path = "PrimeNumbers+CoreDataClass.swift"; sourceTree = "<group>"; };
		1F030DAC2175E1C800113527 /* PrimeNumbers+CoreDataProperties.swift */ = {isa = PBXFileReference; lastKnownFileType = sourcecode.swift; path = "PrimeNumbers+CoreDataProperties.swift"; sourceTree = "<group>"; };
		1F030DAD2175E1C800113527 /* Calculation+CoreDataClass.swift */ = {isa = PBXFileReference; lastKnownFileType = sourcecode.swift; path = "Calculation+CoreDataClass.swift"; sourceTree = "<group>"; };
		1F030DAE2175E1C800113527 /* Calculation+CoreDataProperties.swift */ = {isa = PBXFileReference; lastKnownFileType = sourcecode.swift; path = "Calculation+CoreDataProperties.swift"; sourceTree = "<group>"; };
		1F030DB321760F1500113527 /* ResultTableViewController.swift */ = {isa = PBXFileReference; lastKnownFileType = sourcecode.swift; path = ResultTableViewController.swift; sourceTree = "<group>"; };
		1F451CDE217505F400A2D692 /* GURTAM_TEST.app */ = {isa = PBXFileReference; explicitFileType = wrapper.application; includeInIndex = 0; path = GURTAM_TEST.app; sourceTree = BUILT_PRODUCTS_DIR; };
		1F451CE1217505F400A2D692 /* AppDelegate.swift */ = {isa = PBXFileReference; lastKnownFileType = sourcecode.swift; path = AppDelegate.swift; sourceTree = "<group>"; };
		1F451CE3217505F400A2D692 /* DataInputViewController.swift */ = {isa = PBXFileReference; lastKnownFileType = sourcecode.swift; path = DataInputViewController.swift; sourceTree = "<group>"; };
		1F451CE9217505F400A2D692 /* GURTAM_TEST.xcdatamodel */ = {isa = PBXFileReference; lastKnownFileType = wrapper.xcdatamodel; path = GURTAM_TEST.xcdatamodel; sourceTree = "<group>"; };
		1F451CEB217505F600A2D692 /* Assets.xcassets */ = {isa = PBXFileReference; lastKnownFileType = folder.assetcatalog; path = Assets.xcassets; sourceTree = "<group>"; };
		1F451CEE217505F600A2D692 /* Base */ = {isa = PBXFileReference; lastKnownFileType = file.storyboard; name = Base; path = Base.lproj/LaunchScreen.storyboard; sourceTree = "<group>"; };
		1F451CF0217505F600A2D692 /* Info.plist */ = {isa = PBXFileReference; lastKnownFileType = text.plist.xml; path = Info.plist; sourceTree = "<group>"; };
		1F451CF621752A7C00A2D692 /* MyTimer.swift */ = {isa = PBXFileReference; lastKnownFileType = sourcecode.swift; path = MyTimer.swift; sourceTree = "<group>"; };
/* End PBXFileReference section */

/* Begin PBXFrameworksBuildPhase section */
		1F451CDB217505F400A2D692 /* Frameworks */ = {
			isa = PBXFrameworksBuildPhase;
			buildActionMask = 2147483647;
			files = (
			);
			runOnlyForDeploymentPostprocessing = 0;
		};
/* End PBXFrameworksBuildPhase section */

/* Begin PBXGroup section */
		1F451CD5217505F400A2D692 = {
			isa = PBXGroup;
			children = (
				1F451CE0217505F400A2D692 /* GURTAM_TEST */,
				1F451CDF217505F400A2D692 /* Products */,
			);
			sourceTree = "<group>";
		};
		1F451CDF217505F400A2D692 /* Products */ = {
			isa = PBXGroup;
			children = (
				1F451CDE217505F400A2D692 /* GURTAM_TEST.app */,
			);
			name = Products;
			sourceTree = "<group>";
		};
		1F451CE0217505F400A2D692 /* GURTAM_TEST */ = {
			isa = PBXGroup;
			children = (
				1F030DAB2175E1C800113527 /* PrimeNumbers+CoreDataClass.swift */,
				1F030DAC2175E1C800113527 /* PrimeNumbers+CoreDataProperties.swift */,
				1F030DAD2175E1C800113527 /* Calculation+CoreDataClass.swift */,
				1F030DAE2175E1C800113527 /* Calculation+CoreDataProperties.swift */,
				1F451CE1217505F400A2D692 /* AppDelegate.swift */,
				1F451CE3217505F400A2D692 /* DataInputViewController.swift */,
				1F451CEB217505F600A2D692 /* Assets.xcassets */,
				1F451CED217505F600A2D692 /* LaunchScreen.storyboard */,
				1F451CF0217505F600A2D692 /* Info.plist */,
				1F451CE8217505F400A2D692 /* GURTAM_TEST.xcdatamodeld */,
				1F451CF621752A7C00A2D692 /* MyTimer.swift */,
				1F030DA92175DF2D00113527 /* CoreDataManager.swift */,
				1F030DB321760F1500113527 /* ResultTableViewController.swift */,
			);
			path = GURTAM_TEST;
			sourceTree = "<group>";
		};
/* End PBXGroup section */

/* Begin PBXNativeTarget section */
		1F451CDD217505F400A2D692 /* GURTAM_TEST */ = {
			isa = PBXNativeTarget;
			buildConfigurationList = 1F451CF3217505F600A2D692 /* Build configuration list for PBXNativeTarget "GURTAM_TEST" */;
			buildPhases = (
				1F451CDA217505F400A2D692 /* Sources */,
				1F451CDB217505F400A2D692 /* Frameworks */,
				1F451CDC217505F400A2D692 /* Resources */,
			);
			buildRules = (
			);
			dependencies = (
			);
			name = GURTAM_TEST;
			productName = GURTAM_TEST;
			productReference = 1F451CDE217505F400A2D692 /* GURTAM_TEST.app */;
			productType = "com.apple.product-type.application";
		};
/* End PBXNativeTarget section */

/* Begin PBXProject section */
		1F451CD6217505F400A2D692 /* Project object */ = {
			isa = PBXProject;
			attributes = {
				LastSwiftUpdateCheck = 0940;
				LastUpgradeCheck = 0940;
				ORGANIZATIONNAME = "Yuriy Kudreika";
				TargetAttributes = {
					1F451CDD217505F400A2D692 = {
						CreatedOnToolsVersion = 9.4.1;
					};
				};
			};
			buildConfigurationList = 1F451CD9217505F400A2D692 /* Build configuration list for PBXProject "GURTAM_TEST" */;
			compatibilityVersion = "Xcode 9.3";
			developmentRegion = en;
			hasScannedForEncodings = 0;
			knownRegions = (
				en,
				Base,
			);
			mainGroup = 1F451CD5217505F400A2D692;
			productRefGroup = 1F451CDF217505F400A2D692 /* Products */;
			projectDirPath = "";
			projectRoot = "";
			targets = (
				1F451CDD217505F400A2D692 /* GURTAM_TEST */,
			);
		};
/* End PBXProject section */

/* Begin PBXResourcesBuildPhase section */
		1F451CDC217505F400A2D692 /* Resources */ = {
			isa = PBXResourcesBuildPhase;
			buildActionMask = 2147483647;
			files = (
				1F451CEF217505F600A2D692 /* LaunchScreen.storyboard in Resources */,
				1F451CEC217505F600A2D692 /* Assets.xcassets in Resources */,
			);
			runOnlyForDeploymentPostprocessing = 0;
		};
/* End PBXResourcesBuildPhase section */

/* Begin PBXSourcesBuildPhase section */
		1F451CDA217505F400A2D692 /* Sources */ = {
			isa = PBXSourcesBuildPhase;
			buildActionMask = 2147483647;
			files = (
				1F451CE4217505F400A2D692 /* DataInputViewController.swift in Sources */,
				1F030DB22175E1C800113527 /* Calculation+CoreDataProperties.swift in Sources */,
				1F030DB421760F1500113527 /* ResultTableViewController.swift in Sources */,
				1F451CEA217505F400A2D692 /* GURTAM_TEST.xcdatamodeld in Sources */,
				1F451CE2217505F400A2D692 /* AppDelegate.swift in Sources */,
				1F030DAA2175DF2D00113527 /* CoreDataManager.swift in Sources */,
				1F030DAF2175E1C800113527 /* PrimeNumbers+CoreDataClass.swift in Sources */,
				1F030DB12175E1C800113527 /* Calculation+CoreDataClass.swift in Sources */,
				1F030DB02175E1C800113527 /* PrimeNumbers+CoreDataProperties.swift in Sources */,
				1F451CF721752A7C00A2D692 /* MyTimer.swift in Sources */,
			);
			runOnlyForDeploymentPostprocessing = 0;
		};
/* End PBXSourcesBuildPhase section */

/* Begin PBXVariantGroup section */
		1F451CED217505F600A2D692 /* LaunchScreen.storyboard */ = {
			isa = PBXVariantGroup;
			children = (
				1F451CEE217505F600A2D692 /* Base */,
			);
			name = LaunchScreen.storyboard;
			sourceTree = "<group>";
		};
/* End PBXVariantGroup section */

/* Begin XCBuildConfiguration section */
		1F451CF1217505F600A2D692 /* Debug */ = {
			isa = XCBuildConfiguration;
			buildSettings = {
				ALWAYS_SEARCH_USER_PATHS = NO;
				CLANG_ANALYZER_NONNULL = YES;
				CLANG_ANALYZER_NUMBER_OBJECT_CONVERSION = YES_AGGRESSIVE;
				CLANG_CXX_LANGUAGE_STANDARD = "gnu++14";
				CLANG_CXX_LIBRARY = "libc++";
				CLANG_ENABLE_MODULES = YES;
				CLANG_ENABLE_OBJC_ARC = YES;
				CLANG_ENABLE_OBJC_WEAK = YES;
				CLANG_WARN_BLOCK_CAPTURE_AUTORELEASING = YES;
				CLANG_WARN_BOOL_CONVERSION = YES;
				CLANG_WARN_COMMA = YES;
				CLANG_WARN_CONSTANT_CONVERSION = YES;
				CLANG_WARN_DEPRECATED_OBJC_IMPLEMENTATIONS = YES;
				CLANG_WARN_DIRECT_OBJC_ISA_USAGE = YES_ERROR;
				CLANG_WARN_DOCUMENTATION_COMMENTS = YES;
				CLANG_WARN_EMPTY_BODY = YES;
				CLANG_WARN_ENUM_CONVERSION = YES;
				CLANG_WARN_INFINITE_RECURSION = YES;
				CLANG_WARN_INT_CONVERSION = YES;
				CLANG_WARN_NON_LITERAL_NULL_CONVERSION = YES;
				CLANG_WARN_OBJC_IMPLICIT_RETAIN_SELF = YES;
				CLANG_WARN_OBJC_LITERAL_CONVERSION = YES;
				CLANG_WARN_OBJC_ROOT_CLASS = YES_ERROR;
				CLANG_WARN_RANGE_LOOP_ANALYSIS = YES;
				CLANG_WARN_STRICT_PROTOTYPES = YES;
				CLANG_WARN_SUSPICIOUS_MOVE = YES;
				CLANG_WARN_UNGUARDED_AVAILABILITY = YES_AGGRESSIVE;
				CLANG_WARN_UNREACHABLE_CODE = YES;
				CLANG_WARN__DUPLICATE_METHOD_MATCH = YES;
				CODE_SIGN_IDENTITY = "iPhone Developer";
				COPY_PHASE_STRIP = NO;
				DEBUG_INFORMATION_FORMAT = dwarf;
				ENABLE_STRICT_OBJC_MSGSEND = YES;
				ENABLE_TESTABILITY = YES;
				GCC_C_LANGUAGE_STANDARD = gnu11;
				GCC_DYNAMIC_NO_PIC = NO;
				GCC_NO_COMMON_BLOCKS = YES;
				GCC_OPTIMIZATION_LEVEL = 0;
				GCC_PREPROCESSOR_DEFINITIONS = (
					"DEBUG=1",
					"$(inherited)",
				);
				GCC_WARN_64_TO_32_BIT_CONVERSION = YES;
				GCC_WARN_ABOUT_RETURN_TYPE = YES_ERROR;
				GCC_WARN_UNDECLARED_SELECTOR = YES;
				GCC_WARN_UNINITIALIZED_AUTOS = YES_AGGRESSIVE;
				GCC_WARN_UNUSED_FUNCTION = YES;
				GCC_WARN_UNUSED_VARIABLE = YES;
				IPHONEOS_DEPLOYMENT_TARGET = 11.4;
				MTL_ENABLE_DEBUG_INFO = YES;
				ONLY_ACTIVE_ARCH = YES;
				SDKROOT = iphoneos;
				SWIFT_ACTIVE_COMPILATION_CONDITIONS = DEBUG;
				SWIFT_OPTIMIZATION_LEVEL = "-Onone";
			};
			name = Debug;
		};
		1F451CF2217505F600A2D692 /* Release */ = {
			isa = XCBuildConfiguration;
			buildSettings = {
				ALWAYS_SEARCH_USER_PATHS = NO;
				CLANG_ANALYZER_NONNULL = YES;
				CLANG_ANALYZER_NUMBER_OBJECT_CONVERSION = YES_AGGRESSIVE;
				CLANG_CXX_LANGUAGE_STANDARD = "gnu++14";
				CLANG_CXX_LIBRARY = "libc++";
				CLANG_ENABLE_MODULES = YES;
				CLANG_ENABLE_OBJC_ARC = YES;
				CLANG_ENABLE_OBJC_WEAK = YES;
				CLANG_WARN_BLOCK_CAPTURE_AUTORELEASING = YES;
				CLANG_WARN_BOOL_CONVERSION = YES;
				CLANG_WARN_COMMA = YES;
				CLANG_WARN_CONSTANT_CONVERSION = YES;
				CLANG_WARN_DEPRECATED_OBJC_IMPLEMENTATIONS = YES;
				CLANG_WARN_DIRECT_OBJC_ISA_USAGE = YES_ERROR;
				CLANG_WARN_DOCUMENTATION_COMMENTS = YES;
				CLANG_WARN_EMPTY_BODY = YES;
				CLANG_WARN_ENUM_CONVERSION = YES;
				CLANG_WARN_INFINITE_RECURSION = YES;
				CLANG_WARN_INT_CONVERSION = YES;
				CLANG_WARN_NON_LITERAL_NULL_CONVERSION = YES;
				CLANG_WARN_OBJC_IMPLICIT_RETAIN_SELF = YES;
				CLANG_WARN_OBJC_LITERAL_CONVERSION = YES;
				CLANG_WARN_OBJC_ROOT_CLASS = YES_ERROR;
				CLANG_WARN_RANGE_LOOP_ANALYSIS = YES;
				CLANG_WARN_STRICT_PROTOTYPES = YES;
				CLANG_WARN_SUSPICIOUS_MOVE = YES;
				CLANG_WARN_UNGUARDED_AVAILABILITY = YES_AGGRESSIVE;
				CLANG_WARN_UNREACHABLE_CODE = YES;
				CLANG_WARN__DUPLICATE_METHOD_MATCH = YES;
				CODE_SIGN_IDENTITY = "iPhone Developer";
				COPY_PHASE_STRIP = NO;
				DEBUG_INFORMATION_FORMAT = "dwarf-with-dsym";
				ENABLE_NS_ASSERTIONS = NO;
				ENABLE_STRICT_OBJC_MSGSEND = YES;
				GCC_C_LANGUAGE_STANDARD = gnu11;
				GCC_NO_COMMON_BLOCKS = YES;
				GCC_WARN_64_TO_32_BIT_CONVERSION = YES;
				GCC_WARN_ABOUT_RETURN_TYPE = YES_ERROR;
				GCC_WARN_UNDECLARED_SELECTOR = YES;
				GCC_WARN_UNINITIALIZED_AUTOS = YES_AGGRESSIVE;
				GCC_WARN_UNUSED_FUNCTION = YES;
				GCC_WARN_UNUSED_VARIABLE = YES;
				IPHONEOS_DEPLOYMENT_TARGET = 11.4;
				MTL_ENABLE_DEBUG_INFO = NO;
				SDKROOT = iphoneos;
				SWIFT_COMPILATION_MODE = wholemodule;
				SWIFT_OPTIMIZATION_LEVEL = "-O";
				VALIDATE_PRODUCT = YES;
			};
			name = Release;
		};
		1F451CF4217505F600A2D692 /* Debug */ = {
			isa = XCBuildConfiguration;
			buildSettings = {
				ASSETCATALOG_COMPILER_APPICON_NAME = AppIcon;
				CODE_SIGN_STYLE = Automatic;
				DEVELOPMENT_TEAM = 924SCD8L5K;
				INFOPLIST_FILE = GURTAM_TEST/Info.plist;
				LD_RUNPATH_SEARCH_PATHS = (
					"$(inherited)",
					"@executable_path/Frameworks",
				);
				PRODUCT_BUNDLE_IDENTIFIER = "com.test.GURTAM-TEST";
				PRODUCT_NAME = "$(TARGET_NAME)";
				SWIFT_VERSION = 4.0;
				TARGETED_DEVICE_FAMILY = "1,2";
			};
			name = Debug;
		};
		1F451CF5217505F600A2D692 /* Release */ = {
			isa = XCBuildConfiguration;
			buildSettings = {
				ASSETCATALOG_COMPILER_APPICON_NAME = AppIcon;
				CODE_SIGN_STYLE = Automatic;
				DEVELOPMENT_TEAM = 924SCD8L5K;
				INFOPLIST_FILE = GURTAM_TEST/Info.plist;
				LD_RUNPATH_SEARCH_PATHS = (
					"$(inherited)",
					"@executable_path/Frameworks",
				);
				PRODUCT_BUNDLE_IDENTIFIER = "com.test.GURTAM-TEST";
				PRODUCT_NAME = "$(TARGET_NAME)";
				SWIFT_VERSION = 4.0;
				TARGETED_DEVICE_FAMILY = "1,2";
			};
			name = Release;
		};
/* End XCBuildConfiguration section */

/* Begin XCConfigurationList section */
		1F451CD9217505F400A2D692 /* Build configuration list for PBXProject "GURTAM_TEST" */ = {
			isa = XCConfigurationList;
			buildConfigurations = (
				1F451CF1217505F600A2D692 /* Debug */,
				1F451CF2217505F600A2D692 /* Release */,
			);
			defaultConfigurationIsVisible = 0;
			defaultConfigurationName = Release;
		};
		1F451CF3217505F600A2D692 /* Build configuration list for PBXNativeTarget "GURTAM_TEST" */ = {
			isa = XCConfigurationList;
			buildConfigurations = (
				1F451CF4217505F600A2D692 /* Debug */,
				1F451CF5217505F600A2D692 /* Release */,
			);
			defaultConfigurationIsVisible = 0;
			defaultConfigurationName = Release;
		};
/* End XCConfigurationList section */

/* Begin XCVersionGroup section */
		1F451CE8217505F400A2D692 /* GURTAM_TEST.xcdatamodeld */ = {
			isa = XCVersionGroup;
			children = (
				1F451CE9217505F400A2D692 /* GURTAM_TEST.xcdatamodel */,
			);
			currentVersion = 1F451CE9217505F400A2D692 /* GURTAM_TEST.xcdatamodel */;
			path = GURTAM_TEST.xcdatamodeld;
			sourceTree = "<group>";
			versionGroupType = wrapper.xcdatamodel;
		};
/* End XCVersionGroup section */
	};
	rootObject = 1F451CD6217505F400A2D692 /* Project object */;
}
